
Microsoft Visual Studio Solution File, Format Version 9.00
# Visual C++ Express 2005
Project("{8BC9CEB8-8B4A-11D0-8D11-00A0C91BC942}") = "p1", "p1\p1.vcproj", "{CAF4BF24-8717-4F22-9815-E2615E82D32D}"
EndProject
Global
	GlobalSection(SolutionConfigurationPlatforms) = preSolution
		Debug|Win32 = Debug|Win32
		Release|Win32 = Release|Win32
	EndGlobalSection
	GlobalSection(ProjectConfigurationPlatforms) = postSolution
		{CAF4BF24-8717-4F22-9815-E2615E82D32D}.Debug|Win32.ActiveCfg = Debug|Win32
		{CAF4BF24-8717-4F22-9815-E2615E82D32D}.Debug|Win32.Build.0 = Debug|Win32
		{CAF4BF24-8717-4F22-9815-E2615E82D32D}.Release|Win32.ActiveCfg = Release|Win32
		{CAF4BF24-8717-4F22-9815-E2615E82D32D}.Release|Win32.Build.0 = Release|Win32
	EndGlobalSection
	GlobalSection(SolutionProperties) = preSolution
		HideSolutionNode = FALSE
	EndGlobalSection
EndGlobal
